// !$*UTF8*$!
{
	archiveVersion = 1;
	classes = {
	};
	objectVersion = 77;
	objects = {

/* Begin PBXContainerItemProxy section */
		B06AD83C2DBD0987002833F5 /* PBXContainerItemProxy */ = {
			isa = PBXContainerItemProxy;
			containerPortal = B06AD8232DBD0985002833F5 /* Project object */;
			proxyType = 1;
			remoteGlobalIDString = B06AD82A2DBD0985002833F5;
			remoteInfo = VoiceApp;
		};
		B06AD8462DBD0987002833F5 /* PBXContainerItemProxy */ = {
			isa = PBXContainerItemProxy;
			containerPortal = B06AD8232DBD0985002833F5 /* Project object */;
			proxyType = 1;
			remoteGlobalIDString = B06AD82A2DBD0985002833F5;
			remoteInfo = VoiceApp;
		};
/* End PBXContainerItemProxy section */

/* Begin PBXFileReference section */
		B06AD82B2DBD0985002833F5 /* VoiceApp.app */ = {isa = PBXFileReference; explicitFileType = wrapper.application; includeInIndex = 0; path = VoiceApp.app; sourceTree = BUILT_PRODUCTS_DIR; };
		B06AD83B2DBD0987002833F5 /* VoiceAppTests.xctest */ = {isa = PBXFileReference; explicitFileType = wrapper.cfbundle; includeInIndex = 0; path = VoiceAppTests.xctest; sourceTree = BUILT_PRODUCTS_DIR; };
		B06AD8452DBD0987002833F5 /* VoiceAppUITests.xctest */ = {isa = PBXFileReference; explicitFileType = wrapper.cfbundle; includeInIndex = 0; path = VoiceAppUITests.xctest; sourceTree = BUILT_PRODUCTS_DIR; };
/* End PBXFileReference section */

/* Begin PBXFileSystemSynchronizedBuildFileExceptionSet section */
		B06AD8612DBD0B6B002833F5 /* Exceptions for "VoiceApp" folder in "VoiceApp" target */ = {
			isa = PBXFileSystemSynchronizedBuildFileExceptionSet;
			membershipExceptions = (
				Info.plist,
			);
			target = B06AD82A2DBD0985002833F5 /* VoiceApp */;
		};
/* End PBXFileSystemSynchronizedBuildFileExceptionSet section */

/* Begin PBXFileSystemSynchronizedRootGroup section */
		B06AD82D2DBD0985002833F5 /* VoiceApp */ = {
			isa = PBXFileSystemSynchronizedRootGroup;
			exceptions = (
				B06AD8612DBD0B6B002833F5 /* Exceptions for "VoiceApp" folder in "VoiceApp" target */,
			);
			path = VoiceApp;
			sourceTree = "<group>";
		};
		B06AD83E2DBD0987002833F5 /* VoiceAppTests */ = {
			isa = PBXFileSystemSynchronizedRootGroup;
			path = VoiceAppTests;
			sourceTree = "<group>";
		};
		B06AD8482DBD0987002833F5 /* VoiceAppUITests */ = {
			isa = PBXFileSystemSynchronizedRootGroup;
			path = VoiceAppUITests;
			sourceTree = "<group>";
		};
/* End PBXFileSystemSynchronizedRootGroup section */

/* Begin PBXFrameworksBuildPhase section */
		B06AD8282DBD0985002833F5 /* Frameworks */ = {
			isa = PBXFrameworksBuildPhase;
			buildActionMask = 2147483647;
			files = (
			);
			runOnlyForDeploymentPostprocessing = 0;
		};
		B06AD8382DBD0987002833F5 /* Frameworks */ = {
			isa = PBXFrameworksBuildPhase;
			buildActionMask = 2147483647;
			files = (
			);
			runOnlyForDeploymentPostprocessing = 0;
		};
		B06AD8422DBD0987002833F5 /* Frameworks */ = {
			isa = PBXFrameworksBuildPhase;
			buildActionMask = 2147483647;
			files = (
			);
			runOnlyForDeploymentPostprocessing = 0;
		};
/* End PBXFrameworksBuildPhase section */

/* Begin PBXGroup section */
		B06AD8222DBD0985002833F5 = {
			isa = PBXGroup;
			children = (
				B06AD82D2DBD0985002833F5 /* VoiceApp */,
				B06AD83E2DBD0987002833F5 /* VoiceAppTests */,
				B06AD8482DBD0987002833F5 /* VoiceAppUITests */,
				B06AD82C2DBD0985002833F5 /* Products */,
			);
			sourceTree = "<group>";
		};
		B06AD82C2DBD0985002833F5 /* Products */ = {
			isa = PBXGroup;
			children = (
				B06AD82B2DBD0985002833F5 /* VoiceApp.app */,
				B06AD83B2DBD0987002833F5 /* VoiceAppTests.xctest */,
				B06AD8452DBD0987002833F5 /* VoiceAppUITests.xctest */,
			);
			name = Products;
			sourceTree = "<group>";
		};
/* End PBXGroup section */

/* Begin PBXNativeTarget section */
		B06AD82A2DBD0985002833F5 /* VoiceApp */ = {
			isa = PBXNativeTarget;
			buildConfigurationList = B06AD84F2DBD0987002833F5 /* Build configuration list for PBXNativeTarget "VoiceApp" */;
			buildPhases = (
				B06AD8272DBD0985002833F5 /* Sources */,
				B06AD8282DBD0985002833F5 /* Frameworks */,
				B06AD8292DBD0985002833F5 /* Resources */,
			);
			buildRules = (
			);
			dependencies = (
			);
			fileSystemSynchronizedGroups = (
				B06AD82D2DBD0985002833F5 /* VoiceApp */,
			);
			name = VoiceApp;
			packageProductDependencies = (
			);
			productName = VoiceApp;
			productReference = B06AD82B2DBD0985002833F5 /* VoiceApp.app */;
			productType = "com.apple.product-type.application";
		};
		B06AD83A2DBD0987002833F5 /* VoiceAppTests */ = {
			isa = PBXNativeTarget;
			buildConfigurationList = B06AD8522DBD0987002833F5 /* Build configuration list for PBXNativeTarget "VoiceAppTests" */;
			buildPhases = (
				B06AD8372DBD0987002833F5 /* Sources */,
				B06AD8382DBD0987002833F5 /* Frameworks */,
				B06AD8392DBD0987002833F5 /* Resources */,
			);
			buildRules = (
			);
			dependencies = (
				B06AD83D2DBD0987002833F5 /* PBXTargetDependency */,
			);
			fileSystemSynchronizedGroups = (
				B06AD83E2DBD0987002833F5 /* VoiceAppTests */,
			);
			name = VoiceAppTests;
			packageProductDependencies = (
			);
			productName = VoiceAppTests;
			productReference = B06AD83B2DBD0987002833F5 /* VoiceAppTests.xctest */;
			productType = "com.apple.product-type.bundle.unit-test";
		};
		B06AD8442DBD0987002833F5 /* VoiceAppUITests */ = {
			isa = PBXNativeTarget;
			buildConfigurationList = B06AD8552DBD0987002833F5 /* Build configuration list for PBXNativeTarget "VoiceAppUITests" */;
			buildPhases = (
				B06AD8412DBD0987002833F5 /* Sources */,
				B06AD8422DBD0987002833F5 /* Frameworks */,
				B06AD8432DBD0987002833F5 /* Resources */,
			);
			buildRules = (
			);
			dependencies = (
				B06AD8472DBD0987002833F5 /* PBXTargetDependency */,
			);
			fileSystemSynchronizedGroups = (
				B06AD8482DBD0987002833F5 /* VoiceAppUITests */,
			);
			name = VoiceAppUITests;
			packageProductDependencies = (
			);
			productName = VoiceAppUITests;
			productReference = B06AD8452DBD0987002833F5 /* VoiceAppUITests.xctest */;
			productType = "com.apple.product-type.bundle.ui-testing";
		};
/* End PBXNativeTarget section */

/* Begin PBXProject section */
		B06AD8232DBD0985002833F5 /* Project object */ = {
			isa = PBXProject;
			attributes = {
				BuildIndependentTargetsInParallel = 1;
				LastSwiftUpdateCheck = 1620;
				LastUpgradeCheck = 1620;
				TargetAttributes = {
					B06AD82A2DBD0985002833F5 = {
						CreatedOnToolsVersion = 16.2;
					};
					B06AD83A2DBD0987002833F5 = {
						CreatedOnToolsVersion = 16.2;
						TestTargetID = B06AD82A2DBD0985002833F5;
					};
					B06AD8442DBD0987002833F5 = {
						CreatedOnToolsVersion = 16.2;
						TestTargetID = B06AD82A2DBD0985002833F5;
					};
				};
			};
			buildConfigurationList = B06AD8262DBD0985002833F5 /* Build configuration list for PBXProject "VoiceApp" */;
			developmentRegion = en;
			hasScannedForEncodings = 0;
			knownRegions = (
				en,
				Base,
			);
			mainGroup = B06AD8222DBD0985002833F5;
			minimizedProjectReferenceProxies = 1;
			preferredProjectObjectVersion = 77;
			productRefGroup = B06AD82C2DBD0985002833F5 /* Products */;
			projectDirPath = "";
			projectRoot = "";
			targets = (
				B06AD82A2DBD0985002833F5 /* VoiceApp */,
				B06AD83A2DBD0987002833F5 /* VoiceAppTests */,
				B06AD8442DBD0987002833F5 /* VoiceAppUITests */,
			);
		};
/* End PBXProject section */

/* Begin PBXResourcesBuildPhase section */
		B06AD8292DBD0985002833F5 /* Resources */ = {
			isa = PBXResourcesBuildPhase;
			buildActionMask = 2147483647;
			files = (
			);
			runOnlyForDeploymentPostprocessing = 0;
		};
		B06AD8392DBD0987002833F5 /* Resources */ = {
			isa = PBXResourcesBuildPhase;
			buildActionMask = 2147483647;
			files = (
			);
			runOnlyForDeploymentPostprocessing = 0;
		};
		B06AD8432DBD0987002833F5 /* Resources */ = {
			isa = PBXResourcesBuildPhase;
			buildActionMask = 2147483647;
			files = (
			);
			runOnlyForDeploymentPostprocessing = 0;
		};
/* End PBXResourcesBuildPhase section */

/* Begin PBXSourcesBuildPhase section */
		B06AD8272DBD0985002833F5 /* Sources */ = {
			isa = PBXSourcesBuildPhase;
			buildActionMask = 2147483647;
			files = (
			);
			runOnlyForDeploymentPostprocessing = 0;
		};
		B06AD8372DBD0987002833F5 /* Sources */ = {
			isa = PBXSourcesBuildPhase;
			buildActionMask = 2147483647;
			files = (
			);
			runOnlyForDeploymentPostprocessing = 0;
		};
		B06AD8412DBD0987002833F5 /* Sources */ = {
			isa = PBXSourcesBuildPhase;
			buildActionMask = 2147483647;
			files = (
			);
			runOnlyForDeploymentPostprocessing = 0;
		};
/* End PBXSourcesBuildPhase section */

/* Begin PBXTargetDependency section */
		B06AD83D2DBD0987002833F5 /* PBXTargetDependency */ = {
			isa = PBXTargetDependency;
			target = B06AD82A2DBD0985002833F5 /* VoiceApp */;
			targetProxy = B06AD83C2DBD0987002833F5 /* PBXContainerItemProxy */;
		};
		B06AD8472DBD0987002833F5 /* PBXTargetDependency */ = {
			isa = PBXTargetDependency;
			target = B06AD82A2DBD0985002833F5 /* VoiceApp */;
			targetProxy = B06AD8462DBD0987002833F5 /* PBXContainerItemProxy */;
		};
/* End PBXTargetDependency section */

/* Begin XCBuildConfiguration section */
		B06AD84D2DBD0987002833F5 /* Debug */ = {
			isa = XCBuildConfiguration;
			buildSettings = {
				ALWAYS_SEARCH_USER_PATHS = NO;
				ASSETCATALOG_COMPILER_GENERATE_SWIFT_ASSET_SYMBOL_EXTENSIONS = YES;
				CLANG_ANALYZER_NONNULL = YES;
				CLANG_ANALYZER_NUMBER_OBJECT_CONVERSION = YES_AGGRESSIVE;
				CLANG_CXX_LANGUAGE_STANDARD = "gnu++20";
				CLANG_ENABLE_MODULES = YES;
				CLANG_ENABLE_OBJC_ARC = YES;
				CLANG_ENABLE_OBJC_WEAK = YES;
				CLANG_WARN_BLOCK_CAPTURE_AUTORELEASING = YES;
				CLANG_WARN_BOOL_CONVERSION = YES;
				CLANG_WARN_COMMA = YES;
				CLANG_WARN_CONSTANT_CONVERSION = YES;
				CLANG_WARN_DEPRECATED_OBJC_IMPLEMENTATIONS = YES;
				CLANG_WARN_DIRECT_OBJC_ISA_USAGE = YES_ERROR;
				CLANG_WARN_DOCUMENTATION_COMMENTS = YES;
				CLANG_WARN_EMPTY_BODY = YES;
				CLANG_WARN_ENUM_CONVERSION = YES;
				CLANG_WARN_INFINITE_RECURSION = YES;
				CLANG_WARN_INT_CONVERSION = YES;
				CLANG_WARN_NON_LITERAL_NULL_CONVERSION = YES;
				CLANG_WARN_OBJC_IMPLICIT_RETAIN_SELF = YES;
				CLANG_WARN_OBJC_LITERAL_CONVERSION = YES;
				CLANG_WARN_OBJC_ROOT_CLASS = YES_ERROR;
				CLANG_WARN_QUOTED_INCLUDE_IN_FRAMEWORK_HEADER = YES;
				CLANG_WARN_RANGE_LOOP_ANALYSIS = YES;
				CLANG_WARN_STRICT_PROTOTYPES = YES;
				CLANG_WARN_SUSPICIOUS_MOVE = YES;
				CLANG_WARN_UNGUARDED_AVAILABILITY = YES_AGGRESSIVE;
				CLANG_WARN_UNREACHABLE_CODE = YES;
				CLANG_WARN__DUPLICATE_METHOD_MATCH = YES;
				COPY_PHASE_STRIP = NO;
				DEBUG_INFORMATION_FORMAT = dwarf;
				ENABLE_STRICT_OBJC_MSGSEND = YES;
				ENABLE_TESTABILITY = YES;
				ENABLE_USER_SCRIPT_SANDBOXING = YES;
				GCC_C_LANGUAGE_STANDARD = gnu17;
				GCC_DYNAMIC_NO_PIC = NO;
				GCC_NO_COMMON_BLOCKS = YES;
				GCC_OPTIMIZATION_LEVEL = 0;
				GCC_PREPROCESSOR_DEFINITIONS = (
					"DEBUG=1",
					"$(inherited)",
				);
				GCC_WARN_64_TO_32_BIT_CONVERSION = YES;
				GCC_WARN_ABOUT_RETURN_TYPE = YES_ERROR;
				GCC_WARN_UNDECLARED_SELECTOR = YES;
				GCC_WARN_UNINITIALIZED_AUTOS = YES_AGGRESSIVE;
				GCC_WARN_UNUSED_FUNCTION = YES;
				GCC_WARN_UNUSED_VARIABLE = YES;
				IPHONEOS_DEPLOYMENT_TARGET = 18.2;
				LOCALIZATION_PREFERS_STRING_CATALOGS = YES;
				MTL_ENABLE_DEBUG_INFO = INCLUDE_SOURCE;
				MTL_FAST_MATH = YES;
				ONLY_ACTIVE_ARCH = YES;
				SDKROOT = iphoneos;
				SWIFT_ACTIVE_COMPILATION_CONDITIONS = "DEBUG $(inherited)";
				SWIFT_OPTIMIZATION_LEVEL = "-Onone";
			};
			name = Debug;
		};
		B06AD84E2DBD0987002833F5 /* Release */ = {
			isa = XCBuildConfiguration;
			buildSettings = {
				ALWAYS_SEARCH_USER_PATHS = NO;
				ASSETCATALOG_COMPILER_GENERATE_SWIFT_ASSET_SYMBOL_EXTENSIONS = YES;
				CLANG_ANALYZER_NONNULL = YES;
				CLANG_ANALYZER_NUMBER_OBJECT_CONVERSION = YES_AGGRESSIVE;
				CLANG_CXX_LANGUAGE_STANDARD = "gnu++20";
				CLANG_ENABLE_MODULES = YES;
				CLANG_ENABLE_OBJC_ARC = YES;
				CLANG_ENABLE_OBJC_WEAK = YES;
				CLANG_WARN_BLOCK_CAPTURE_AUTORELEASING = YES;
				CLANG_WARN_BOOL_CONVERSION = YES;
				CLANG_WARN_COMMA = YES;
				CLANG_WARN_CONSTANT_CONVERSION = YES;
				CLANG_WARN_DEPRECATED_OBJC_IMPLEMENTATIONS = YES;
				CLANG_WARN_DIRECT_OBJC_ISA_USAGE = YES_ERROR;
				CLANG_WARN_DOCUMENTATION_COMMENTS = YES;
				CLANG_WARN_EMPTY_BODY = YES;
				CLANG_WARN_ENUM_CONVERSION = YES;
				CLANG_WARN_INFINITE_RECURSION = YES;
				CLANG_WARN_INT_CONVERSION = YES;
				CLANG_WARN_NON_LITERAL_NULL_CONVERSION = YES;
				CLANG_WARN_OBJC_IMPLICIT_RETAIN_SELF = YES;
				CLANG_WARN_OBJC_LITERAL_CONVERSION = YES;
				CLANG_WARN_OBJC_ROOT_CLASS = YES_ERROR;
				CLANG_WARN_QUOTED_INCLUDE_IN_FRAMEWORK_HEADER = YES;
				CLANG_WARN_RANGE_LOOP_ANALYSIS = YES;
				CLANG_WARN_STRICT_PROTOTYPES = YES;
				CLANG_WARN_SUSPICIOUS_MOVE = YES;
				CLANG_WARN_UNGUARDED_AVAILABILITY = YES_AGGRESSIVE;
				CLANG_WARN_UNREACHABLE_CODE = YES;
				CLANG_WARN__DUPLICATE_METHOD_MATCH = YES;
				COPY_PHASE_STRIP = NO;
				DEBUG_INFORMATION_FORMAT = "dwarf-with-dsym";
				ENABLE_NS_ASSERTIONS = NO;
				ENABLE_STRICT_OBJC_MSGSEND = YES;
				ENABLE_USER_SCRIPT_SANDBOXING = YES;
				GCC_C_LANGUAGE_STANDARD = gnu17;
				GCC_NO_COMMON_BLOCKS = YES;
				GCC_WARN_64_TO_32_BIT_CONVERSION = YES;
				GCC_WARN_ABOUT_RETURN_TYPE = YES_ERROR;
				GCC_WARN_UNDECLARED_SELECTOR = YES;
				GCC_WARN_UNINITIALIZED_AUTOS = YES_AGGRESSIVE;
				GCC_WARN_UNUSED_FUNCTION = YES;
				GCC_WARN_UNUSED_VARIABLE = YES;
				IPHONEOS_DEPLOYMENT_TARGET = 18.2;
				LOCALIZATION_PREFERS_STRING_CATALOGS = YES;
				MTL_ENABLE_DEBUG_INFO = NO;
				MTL_FAST_MATH = YES;
				SDKROOT = iphoneos;
				SWIFT_COMPILATION_MODE = wholemodule;
				VALIDATE_PRODUCT = YES;
			};
			name = Release;
		};
		B06AD8502DBD0987002833F5 /* Debug */ = {
			isa = XCBuildConfiguration;
			buildSettings = {
				ASSETCATALOG_COMPILER_APPICON_NAME = AppIcon;
				ASSETCATALOG_COMPILER_GLOBAL_ACCENT_COLOR_NAME = AccentColor;
				CODE_SIGN_STYLE = Automatic;
				CURRENT_PROJECT_VERSION = 1;
				DEVELOPMENT_ASSET_PATHS = "\"VoiceApp/Preview Content\"";
				DEVELOPMENT_TEAM = T29T2L39T5;
				ENABLE_PREVIEWS = YES;
				GENERATE_INFOPLIST_FILE = YES;
				INFOPLIST_FILE = VoiceApp/Info.plist;
				INFOPLIST_KEY_UIApplicationSceneManifest_Generation = YES;
				INFOPLIST_KEY_UIApplicationSupportsIndirectInputEvents = YES;
				INFOPLIST_KEY_UILaunchScreen_Generation = YES;
				INFOPLIST_KEY_UISupportedInterfaceOrientations_iPad = "UIInterfaceOrientationPortrait UIInterfaceOrientationPortraitUpsideDown UIInterfaceOrientationLandscapeLeft UIInterfaceOrientationLandscapeRight";
				INFOPLIST_KEY_UISupportedInterfaceOrientations_iPhone = "UIInterfaceOrientationPortrait UIInterfaceOrientationLandscapeLeft UIInterfaceOrientationLandscapeRight";
				IPHONEOS_DEPLOYMENT_TARGET = 15.6;
				LD_RUNPATH_SEARCH_PATHS = (
					"$(inherited)",
					"@executable_path/Frameworks",
				);
				MARKETING_VERSION = 1.0;
				PRODUCT_BUNDLE_IDENTIFIER = chineseapp.com.IDNect.VoiceApp;
				PRODUCT_NAME = "$(TARGET_NAME)";
				SWIFT_EMIT_LOC_STRINGS = YES;
				SWIFT_VERSION = 5.0;
				TARGETED_DEVICE_FAMILY = "1,2";
			};
			name = Debug;
		};
		B06AD8512DBD0987002833F5 /* Release */ = {
			isa = XCBuildConfiguration;
			buildSettings = {
				ASSETCATALOG_COMPILER_APPICON_NAME = AppIcon;
				ASSETCATALOG_COMPILER_GLOBAL_ACCENT_COLOR_NAME = AccentColor;
				CODE_SIGN_STYLE = Automatic;
				CURRENT_PROJECT_VERSION = 1;
				DEVELOPMENT_ASSET_PATHS = "\"VoiceApp/Preview Content\"";
				DEVELOPMENT_TEAM = T29T2L39T5;
				ENABLE_PREVIEWS = YES;
				GENERATE_INFOPLIST_FILE = YES;
				INFOPLIST_FILE = VoiceApp/Info.plist;
				INFOPLIST_KEY_UIApplicationSceneManifest_Generation = YES;
				INFOPLIST_KEY_UIApplicationSupportsIndirectInputEvents = YES;
				INFOPLIST_KEY_UILaunchScreen_Generation = YES;
				INFOPLIST_KEY_UISupportedInterfaceOrientations_iPad = "UIInterfaceOrientationPortrait UIInterfaceOrientationPortraitUpsideDown UIInterfaceOrientationLandscapeLeft UIInterfaceOrientationLandscapeRight";
				INFOPLIST_KEY_UISupportedInterfaceOrientations_iPhone = "UIInterfaceOrientationPortrait UIInterfaceOrientationLandscapeLeft UIInterfaceOrientationLandscapeRight";
				IPHONEOS_DEPLOYMENT_TARGET = 15.6;
				LD_RUNPATH_SEARCH_PATHS = (
					"$(inherited)",
					"@executable_path/Frameworks",
				);
				MARKETING_VERSION = 1.0;
				PRODUCT_BUNDLE_IDENTIFIER = chineseapp.com.IDNect.VoiceApp;
				PRODUCT_NAME = "$(TARGET_NAME)";
				SWIFT_EMIT_LOC_STRINGS = YES;
				SWIFT_VERSION = 5.0;
				TARGETED_DEVICE_FAMILY = "1,2";
			};
			name = Release;
		};
		B06AD8532DBD0987002833F5 /* Debug */ = {
			isa = XCBuildConfiguration;
			buildSettings = {
				BUNDLE_LOADER = "$(TEST_HOST)";
				CODE_SIGN_STYLE = Automatic;
				CURRENT_PROJECT_VERSION = 1;
				DEVELOPMENT_TEAM = T29T2L39T5;
				GENERATE_INFOPLIST_FILE = YES;
				IPHONEOS_DEPLOYMENT_TARGET = 18.2;
				MARKETING_VERSION = 1.0;
				PRODUCT_BUNDLE_IDENTIFIER = chineseapp.com.IDNect.VoiceAppTests;
				PRODUCT_NAME = "$(TARGET_NAME)";
				SWIFT_EMIT_LOC_STRINGS = NO;
				SWIFT_VERSION = 5.0;
				TARGETED_DEVICE_FAMILY = "1,2";
				TEST_HOST = "$(BUILT_PRODUCTS_DIR)/VoiceApp.app/$(BUNDLE_EXECUTABLE_FOLDER_PATH)/VoiceApp";
			};
			name = Debug;
		};
		B06AD8542DBD0987002833F5 /* Release */ = {
			isa = XCBuildConfiguration;
			buildSettings = {
				BUNDLE_LOADER = "$(TEST_HOST)";
				CODE_SIGN_STYLE = Automatic;
				CURRENT_PROJECT_VERSION = 1;
				DEVELOPMENT_TEAM = T29T2L39T5;
				GENERATE_INFOPLIST_FILE = YES;
				IPHONEOS_DEPLOYMENT_TARGET = 18.2;
				MARKETING_VERSION = 1.0;
				PRODUCT_BUNDLE_IDENTIFIER = chineseapp.com.IDNect.VoiceAppTests;
				PRODUCT_NAME = "$(TARGET_NAME)";
				SWIFT_EMIT_LOC_STRINGS = NO;
				SWIFT_VERSION = 5.0;
				TARGETED_DEVICE_FAMILY = "1,2";
				TEST_HOST = "$(BUILT_PRODUCTS_DIR)/VoiceApp.app/$(BUNDLE_EXECUTABLE_FOLDER_PATH)/VoiceApp";
			};
			name = Release;
		};
		B06AD8562DBD0987002833F5 /* Debug */ = {
			isa = XCBuildConfiguration;
			buildSettings = {
				CODE_SIGN_STYLE = Automatic;
				CURRENT_PROJECT_VERSION = 1;
				DEVELOPMENT_TEAM = T29T2L39T5;
				GENERATE_INFOPLIST_FILE = YES;
				MARKETING_VERSION = 1.0;
				PRODUCT_BUNDLE_IDENTIFIER = chineseapp.com.IDNect.VoiceAppUITests;
				PRODUCT_NAME = "$(TARGET_NAME)";
				SWIFT_EMIT_LOC_STRINGS = NO;
				SWIFT_VERSION = 5.0;
				TARGETED_DEVICE_FAMILY = "1,2";
				TEST_TARGET_NAME = VoiceApp;
			};
			name = Debug;
		};
		B06AD8572DBD0987002833F5 /* Release */ = {
			isa = XCBuildConfiguration;
			buildSettings = {
				CODE_SIGN_STYLE = Automatic;
				CURRENT_PROJECT_VERSION = 1;
				DEVELOPMENT_TEAM = T29T2L39T5;
				GENERATE_INFOPLIST_FILE = YES;
				MARKETING_VERSION = 1.0;
				PRODUCT_BUNDLE_IDENTIFIER = chineseapp.com.IDNect.VoiceAppUITests;
				PRODUCT_NAME = "$(TARGET_NAME)";
				SWIFT_EMIT_LOC_STRINGS = NO;
				SWIFT_VERSION = 5.0;
				TARGETED_DEVICE_FAMILY = "1,2";
				TEST_TARGET_NAME = VoiceApp;
			};
			name = Release;
		};
/* End XCBuildConfiguration section */

/* Begin XCConfigurationList section */
		B06AD8262DBD0985002833F5 /* Build configuration list for PBXProject "VoiceApp" */ = {
			isa = XCConfigurationList;
			buildConfigurations = (
				B06AD84D2DBD0987002833F5 /* Debug */,
				B06AD84E2DBD0987002833F5 /* Release */,
			);
			defaultConfigurationIsVisible = 0;
			defaultConfigurationName = Release;
		};
		B06AD84F2DBD0987002833F5 /* Build configuration list for PBXNativeTarget "VoiceApp" */ = {
			isa = XCConfigurationList;
			buildConfigurations = (
				B06AD8502DBD0987002833F5 /* Debug */,
				B06AD8512DBD0987002833F5 /* Release */,
			);
			defaultConfigurationIsVisible = 0;
			defaultConfigurationName = Release;
		};
		B06AD8522DBD0987002833F5 /* Build configuration list for PBXNativeTarget "VoiceAppTests" */ = {
			isa = XCConfigurationList;
			buildConfigurations = (
				B06AD8532DBD0987002833F5 /* Debug */,
				B06AD8542DBD0987002833F5 /* Release */,
			);
			defaultConfigurationIsVisible = 0;
			defaultConfigurationName = Release;
		};
		B06AD8552DBD0987002833F5 /* Build configuration list for PBXNativeTarget "VoiceAppUITests" */ = {
			isa = XCConfigurationList;
			buildConfigurations = (
				B06AD8562DBD0987002833F5 /* Debug */,
				B06AD8572DBD0987002833F5 /* Release */,
			);
			defaultConfigurationIsVisible = 0;
			defaultConfigurationName = Release;
		};
/* End XCConfigurationList section */
	};
	rootObject = B06AD8232DBD0985002833F5 /* Project object */;
}
